{
    "name": "totem.module.code-block",
    "version": "0.3.0",
    "lockfileVersion": 1,
    "requires": true,
    "dependencies": {
        "clipboard": {
            "version": "1.7.1",
            "resolved": "https://registry.npmjs.org/clipboard/-/clipboard-1.7.1.tgz",
            "integrity": "sha1-Ng1taUbpmnof7zleQrqStem1oWs=",
            "optional": true,
            "requires": {
                "good-listener": "1.2.2",
                "select": "1.1.2",
                "tiny-emitter": "2.0.2"
            }
        },
        "delegate": {
            "version": "3.1.3",
            "resolved": "https://registry.npmjs.org/delegate/-/delegate-3.1.3.tgz",
            "integrity": "sha1-moJRp3fXAl+qVXN7w7BxdCEnqf0=",
            "optional": true
        },
        "good-listener": {
            "version": "1.2.2",
            "resolved": "https://registry.npmjs.org/good-listener/-/good-listener-1.2.2.tgz",
            "integrity": "sha1-1TswzfkxPf+33JoNR3CWqm0UXFA=",
            "optional": true,
            "requires": {
                "delegate": "3.1.3"
            }
        },
        "prism-themes": {
            "version": "1.0.0",
            "resolved": "https://registry.npmjs.org/prism-themes/-/prism-themes-1.0.0.tgz",
            "integrity": "sha1-WAiVR+053yc+UZXhYoxpF3NBv4g="
        },
        "prismjs": {
            "version": "1.8.4",
            "resolved": "https://registry.npmjs.org/prismjs/-/prismjs-1.8.4.tgz",
            "integrity": "sha1-VzzHoUwsBlZuHsog2BP1rlXbgNI=",
            "requires": {
                "clipboard": "1.7.1"
            }
        },
        "select": {
            "version": "1.1.2",
            "resolved": "https://registry.npmjs.org/select/-/select-1.1.2.tgz",
            "integrity": "sha1-DnNQrN7ICxEIUoeG7B1EGNEbOW0=",
            "optional": true
        },
        "svg-sprite-injector": {
            "version": "1.0.0",
            "resolved": "https://registry.npmjs.org/svg-sprite-injector/-/svg-sprite-injector-1.0.0.tgz",
            "integrity": "sha1-HzXxbZqJtueaKW2GFlT5OZLcDI4="
        },
        "tiny-emitter": {
            "version": "2.0.2",
            "resolved": "https://registry.npmjs.org/tiny-emitter/-/tiny-emitter-2.0.2.tgz",
            "integrity": "sha512-2NM0auVBGft5tee/OxP4PI3d8WItkDM+fPnaRAVo6xTDI2knbz9eC5ArWGqtGlYqiH3RU5yMpdyTTO7MguC4ow==",
            "optional": true
        },
        "totem.module.svgsprite": {
            "version": "0.5.0",
            "resolved": "https://registry.npmjs.org/totem.module.svgsprite/-/totem.module.svgsprite-0.5.0.tgz",
            "integrity": "sha1-zbLA7t2JzrrxSrWSO/xycHrW5PU=",
            "requires": {
                "svg-sprite-injector": "1.0.0"
            }
        },
        "totem.template.module": {
            "version": "0.1.0",
            "resolved": "https://registry.npmjs.org/totem.template.module/-/totem.template.module-0.1.0.tgz",
            "integrity": "sha512-zRmrO8IPgPTWNqvWNeoZayTD5jDMCRcTLdDKV2orcN3EjT9R9ncNSaN6hubdo7TfVmy3Cnl5bCX4KjU44K2KTg==",
            "requires": {
                "totem.module.svgsprite": "0.5.0"
            }
        }
    }
}
